
Microsoft Visual Studio Solution File, Format Version 12.00
# Visual Studio 15
VisualStudioVersion = 15.0.28010.2050
MinimumVisualStudioVersion = 10.0.40219.1
Project("{9A19103F-16F7-4668-BE54-9A1E7A4F7556}") = "sql4js", "sql4js\sql4js.csproj", "{918867DB-BE6E-4AAF-BC62-46C937653755}"
EndProject
Project("{9A19103F-16F7-4668-BE54-9A1E7A4F7556}") = "sql4js.tests", "sql4js.tests\sql4js.tests.csproj", "{805A30B6-009D-47E2-844D-DEB0651B92C5}"
EndProject
Project("{9A19103F-16F7-4668-BE54-9A1E7A4F7556}") = "DynJsonAzureService", "DynJsonAzureService\DynJsonAzureService.csproj", "{E95D5DC2-ADC9-4B28-876C-D4D473083472}"
EndProject
Project("{FAE04EC0-301F-11D3-BF4B-00C04F79EFBC}") = "sql4j.for.profiler", "sql4j.for.profiler\sql4j.for.profiler.csproj", "{896E2EFB-70F7-4AEE-A896-C453CCFDF2F4}"
EndProject
Global
	GlobalSection(SolutionConfigurationPlatforms) = preSolution
		Debug|Any CPU = Debug|Any CPU
		Release|Any CPU = Release|Any CPU
	EndGlobalSection
	GlobalSection(ProjectConfigurationPlatforms) = postSolution
		{918867DB-BE6E-4AAF-BC62-46C937653755}.Debug|Any CPU.ActiveCfg = Debug|Any CPU
		{918867DB-BE6E-4AAF-BC62-46C937653755}.Debug|Any CPU.Build.0 = Debug|Any CPU
		{918867DB-BE6E-4AAF-BC62-46C937653755}.Release|Any CPU.ActiveCfg = Release|Any CPU
		{918867DB-BE6E-4AAF-BC62-46C937653755}.Release|Any CPU.Build.0 = Release|Any CPU
		{805A30B6-009D-47E2-844D-DEB0651B92C5}.Debug|Any CPU.ActiveCfg = Debug|Any CPU
		{805A30B6-009D-47E2-844D-DEB0651B92C5}.Debug|Any CPU.Build.0 = Debug|Any CPU
		{805A30B6-009D-47E2-844D-DEB0651B92C5}.Release|Any CPU.ActiveCfg = Release|Any CPU
		{805A30B6-009D-47E2-844D-DEB0651B92C5}.Release|Any CPU.Build.0 = Release|Any CPU
		{E95D5DC2-ADC9-4B28-876C-D4D473083472}.Debug|Any CPU.ActiveCfg = Debug|Any CPU
		{E95D5DC2-ADC9-4B28-876C-D4D473083472}.Debug|Any CPU.Build.0 = Debug|Any CPU
		{E95D5DC2-ADC9-4B28-876C-D4D473083472}.Release|Any CPU.ActiveCfg = Release|Any CPU
		{E95D5DC2-ADC9-4B28-876C-D4D473083472}.Release|Any CPU.Build.0 = Release|Any CPU
		{896E2EFB-70F7-4AEE-A896-C453CCFDF2F4}.Debug|Any CPU.ActiveCfg = Debug|Any CPU
		{896E2EFB-70F7-4AEE-A896-C453CCFDF2F4}.Debug|Any CPU.Build.0 = Debug|Any CPU
		{896E2EFB-70F7-4AEE-A896-C453CCFDF2F4}.Release|Any CPU.ActiveCfg = Release|Any CPU
		{896E2EFB-70F7-4AEE-A896-C453CCFDF2F4}.Release|Any CPU.Build.0 = Release|Any CPU
	EndGlobalSection
	GlobalSection(SolutionProperties) = preSolution
		HideSolutionNode = FALSE
	EndGlobalSection
	GlobalSection(ExtensibilityGlobals) = postSolution
		SolutionGuid = {09375902-F603-42D6-808F-30FB45A500AB}
	EndGlobalSection
EndGlobal
